// !$*UTF8*$!
{
	archiveVersion = 1;
	classes = {
	};
	objectVersion = 48;
	objects = {

/* Begin PBXBuildFile section */
		F4E9C43221653990009DA197 /* AppDelegate.swift in Sources */ = {isa = PBXBuildFile; fileRef = F4E9C43121653990009DA197 /* AppDelegate.swift */; };
		F4E9C43421653990009DA197 /* ViewController.swift in Sources */ = {isa = PBXBuildFile; fileRef = F4E9C43321653990009DA197 /* ViewController.swift */; };
		F4E9C43721653990009DA197 /* Main.storyboard in Resources */ = {isa = PBXBuildFile; fileRef = F4E9C43521653990009DA197 /* Main.storyboard */; };
		F4E9C43A21653990009DA197 /* Political.xcdatamodeld in Sources */ = {isa = PBXBuildFile; fileRef = F4E9C43821653990009DA197 /* Political.xcdatamodeld */; };
		F4E9C43C21653990009DA197 /* Assets.xcassets in Resources */ = {isa = PBXBuildFile; fileRef = F4E9C43B21653990009DA197 /* Assets.xcassets */; };
		F4E9C43F21653990009DA197 /* LaunchScreen.storyboard in Resources */ = {isa = PBXBuildFile; fileRef = F4E9C43D21653990009DA197 /* LaunchScreen.storyboard */; };
/* End PBXBuildFile section */

/* Begin PBXFileReference section */
		F4E9C42E21653990009DA197 /* Political.app */ = {isa = PBXFileReference; explicitFileType = wrapper.application; includeInIndex = 0; path = Political.app; sourceTree = BUILT_PRODUCTS_DIR; };
		F4E9C43121653990009DA197 /* AppDelegate.swift */ = {isa = PBXFileReference; lastKnownFileType = sourcecode.swift; path = AppDelegate.swift; sourceTree = "<group>"; };
		F4E9C43321653990009DA197 /* ViewController.swift */ = {isa = PBXFileReference; lastKnownFileType = sourcecode.swift; path = ViewController.swift; sourceTree = "<group>"; };
		F4E9C43621653990009DA197 /* Base */ = {isa = PBXFileReference; lastKnownFileType = file.storyboard; name = Base; path = Base.lproj/Main.storyboard; sourceTree = "<group>"; };
		F4E9C43921653990009DA197 /* Political.xcdatamodel */ = {isa = PBXFileReference; lastKnownFileType = wrapper.xcdatamodel; path = Political.xcdatamodel; sourceTree = "<group>"; };
		F4E9C43B21653990009DA197 /* Assets.xcassets */ = {isa = PBXFileReference; lastKnownFileType = folder.assetcatalog; path = Assets.xcassets; sourceTree = "<group>"; };
		F4E9C43E21653990009DA197 /* Base */ = {isa = PBXFileReference; lastKnownFileType = file.storyboard; name = Base; path = Base.lproj/LaunchScreen.storyboard; sourceTree = "<group>"; };
		F4E9C44021653990009DA197 /* Info.plist */ = {isa = PBXFileReference; lastKnownFileType = text.plist.xml; path = Info.plist; sourceTree = "<group>"; };
/* End PBXFileReference section */

/* Begin PBXFrameworksBuildPhase section */
		F4E9C42B21653990009DA197 /* Frameworks */ = {
			isa = PBXFrameworksBuildPhase;
			buildActionMask = 2147483647;
			files = (
			);
			runOnlyForDeploymentPostprocessing = 0;
		};
/* End PBXFrameworksBuildPhase section */

/* Begin PBXGroup section */
		F4E9C42521653990009DA197 = {
			isa = PBXGroup;
			children = (
				F4E9C43021653990009DA197 /* Political */,
				F4E9C42F21653990009DA197 /* Products */,
			);
			sourceTree = "<group>";
		};
		F4E9C42F21653990009DA197 /* Products */ = {
			isa = PBXGroup;
			children = (
				F4E9C42E21653990009DA197 /* Political.app */,
			);
			name = Products;
			sourceTree = "<group>";
		};
		F4E9C43021653990009DA197 /* Political */ = {
			isa = PBXGroup;
			children = (
				F4E9C43121653990009DA197 /* AppDelegate.swift */,
				F4E9C43321653990009DA197 /* ViewController.swift */,
				F4E9C43521653990009DA197 /* Main.storyboard */,
				F4E9C43B21653990009DA197 /* Assets.xcassets */,
				F4E9C43D21653990009DA197 /* LaunchScreen.storyboard */,
				F4E9C44021653990009DA197 /* Info.plist */,
				F4E9C43821653990009DA197 /* Political.xcdatamodeld */,
			);
			path = Political;
			sourceTree = "<group>";
		};
/* End PBXGroup section */

/* Begin PBXNativeTarget section */
		F4E9C42D21653990009DA197 /* Political */ = {
			isa = PBXNativeTarget;
			buildConfigurationList = F4E9C44321653990009DA197 /* Build configuration list for PBXNativeTarget "Political" */;
			buildPhases = (
				F4E9C42A21653990009DA197 /* Sources */,
				F4E9C42B21653990009DA197 /* Frameworks */,
				F4E9C42C21653990009DA197 /* Resources */,
			);
			buildRules = (
			);
			dependencies = (
			);
			name = Political;
			productName = Political;
			productReference = F4E9C42E21653990009DA197 /* Political.app */;
			productType = "com.apple.product-type.application";
		};
/* End PBXNativeTarget section */

/* Begin PBXProject section */
		F4E9C42621653990009DA197 /* Project object */ = {
			isa = PBXProject;
			attributes = {
				LastSwiftUpdateCheck = 0920;
				LastUpgradeCheck = 0920;
				ORGANIZATIONNAME = "Gavin Wolfe";
				TargetAttributes = {
					F4E9C42D21653990009DA197 = {
						CreatedOnToolsVersion = 9.2;
						ProvisioningStyle = Automatic;
					};
				};
			};
			buildConfigurationList = F4E9C42921653990009DA197 /* Build configuration list for PBXProject "Political" */;
			compatibilityVersion = "Xcode 8.0";
			developmentRegion = en;
			hasScannedForEncodings = 0;
			knownRegions = (
				en,
				Base,
			);
			mainGroup = F4E9C42521653990009DA197;
			productRefGroup = F4E9C42F21653990009DA197 /* Products */;
			projectDirPath = "";
			projectRoot = "";
			targets = (
				F4E9C42D21653990009DA197 /* Political */,
			);
		};
/* End PBXProject section */

/* Begin PBXResourcesBuildPhase section */
		F4E9C42C21653990009DA197 /* Resources */ = {
			isa = PBXResourcesBuildPhase;
			buildActionMask = 2147483647;
			files = (
				F4E9C43F21653990009DA197 /* LaunchScreen.storyboard in Resources */,
				F4E9C43C21653990009DA197 /* Assets.xcassets in Resources */,
				F4E9C43721653990009DA197 /* Main.storyboard in Resources */,
			);
			runOnlyForDeploymentPostprocessing = 0;
		};
/* End PBXResourcesBuildPhase section */

/* Begin PBXSourcesBuildPhase section */
		F4E9C42A21653990009DA197 /* Sources */ = {
			isa = PBXSourcesBuildPhase;
			buildActionMask = 2147483647;
			files = (
				F4E9C43421653990009DA197 /* ViewController.swift in Sources */,
				F4E9C43A21653990009DA197 /* Political.xcdatamodeld in Sources */,
				F4E9C43221653990009DA197 /* AppDelegate.swift in Sources */,
			);
			runOnlyForDeploymentPostprocessing = 0;
		};
/* End PBXSourcesBuildPhase section */

/* Begin PBXVariantGroup section */
		F4E9C43521653990009DA197 /* Main.storyboard */ = {
			isa = PBXVariantGroup;
			children = (
				F4E9C43621653990009DA197 /* Base */,
			);
			name = Main.storyboard;
			sourceTree = "<group>";
		};
		F4E9C43D21653990009DA197 /* LaunchScreen.storyboard */ = {
			isa = PBXVariantGroup;
			children = (
				F4E9C43E21653990009DA197 /* Base */,
			);
			name = LaunchScreen.storyboard;
			sourceTree = "<group>";
		};
/* End PBXVariantGroup section */

/* Begin XCBuildConfiguration section */
		F4E9C44121653990009DA197 /* Debug */ = {
			isa = XCBuildConfiguration;
			buildSettings = {
				ALWAYS_SEARCH_USER_PATHS = NO;
				CLANG_ANALYZER_NONNULL = YES;
				CLANG_ANALYZER_NUMBER_OBJECT_CONVERSION = YES_AGGRESSIVE;
				CLANG_CXX_LANGUAGE_STANDARD = "gnu++14";
				CLANG_CXX_LIBRARY = "libc++";
				CLANG_ENABLE_MODULES = YES;
				CLANG_ENABLE_OBJC_ARC = YES;
				CLANG_WARN_BLOCK_CAPTURE_AUTORELEASING = YES;
				CLANG_WARN_BOOL_CONVERSION = YES;
				CLANG_WARN_COMMA = YES;
				CLANG_WARN_CONSTANT_CONVERSION = YES;
				CLANG_WARN_DIRECT_OBJC_ISA_USAGE = YES_ERROR;
				CLANG_WARN_DOCUMENTATION_COMMENTS = YES;
				CLANG_WARN_EMPTY_BODY = YES;
				CLANG_WARN_ENUM_CONVERSION = YES;
				CLANG_WARN_INFINITE_RECURSION = YES;
				CLANG_WARN_INT_CONVERSION = YES;
				CLANG_WARN_NON_LITERAL_NULL_CONVERSION = YES;
				CLANG_WARN_OBJC_LITERAL_CONVERSION = YES;
				CLANG_WARN_OBJC_ROOT_CLASS = YES_ERROR;
				CLANG_WARN_RANGE_LOOP_ANALYSIS = YES;
				CLANG_WARN_STRICT_PROTOTYPES = YES;
				CLANG_WARN_SUSPICIOUS_MOVE = YES;
				CLANG_WARN_UNGUARDED_AVAILABILITY = YES_AGGRESSIVE;
				CLANG_WARN_UNREACHABLE_CODE = YES;
				CLANG_WARN__DUPLICATE_METHOD_MATCH = YES;
				CODE_SIGN_IDENTITY = "iPhone Developer";
				COPY_PHASE_STRIP = NO;
				DEBUG_INFORMATION_FORMAT = dwarf;
				ENABLE_STRICT_OBJC_MSGSEND = YES;
				ENABLE_TESTABILITY = YES;
				GCC_C_LANGUAGE_STANDARD = gnu11;
				GCC_DYNAMIC_NO_PIC = NO;
				GCC_NO_COMMON_BLOCKS = YES;
				GCC_OPTIMIZATION_LEVEL = 0;
				GCC_PREPROCESSOR_DEFINITIONS = (
					"DEBUG=1",
					"$(inherited)",
				);
				GCC_WARN_64_TO_32_BIT_CONVERSION = YES;
				GCC_WARN_ABOUT_RETURN_TYPE = YES_ERROR;
				GCC_WARN_UNDECLARED_SELECTOR = YES;
				GCC_WARN_UNINITIALIZED_AUTOS = YES_AGGRESSIVE;
				GCC_WARN_UNUSED_FUNCTION = YES;
				GCC_WARN_UNUSED_VARIABLE = YES;
				IPHONEOS_DEPLOYMENT_TARGET = 11.2;
				MTL_ENABLE_DEBUG_INFO = YES;
				ONLY_ACTIVE_ARCH = YES;
				SDKROOT = iphoneos;
				SWIFT_ACTIVE_COMPILATION_CONDITIONS = DEBUG;
				SWIFT_OPTIMIZATION_LEVEL = "-Onone";
			};
			name = Debug;
		};
		F4E9C44221653990009DA197 /* Release */ = {
			isa = XCBuildConfiguration;
			buildSettings = {
				ALWAYS_SEARCH_USER_PATHS = NO;
				CLANG_ANALYZER_NONNULL = YES;
				CLANG_ANALYZER_NUMBER_OBJECT_CONVERSION = YES_AGGRESSIVE;
				CLANG_CXX_LANGUAGE_STANDARD = "gnu++14";
				CLANG_CXX_LIBRARY = "libc++";
				CLANG_ENABLE_MODULES = YES;
				CLANG_ENABLE_OBJC_ARC = YES;
				CLANG_WARN_BLOCK_CAPTURE_AUTORELEASING = YES;
				CLANG_WARN_BOOL_CONVERSION = YES;
				CLANG_WARN_COMMA = YES;
				CLANG_WARN_CONSTANT_CONVERSION = YES;
				CLANG_WARN_DIRECT_OBJC_ISA_USAGE = YES_ERROR;
				CLANG_WARN_DOCUMENTATION_COMMENTS = YES;
				CLANG_WARN_EMPTY_BODY = YES;
				CLANG_WARN_ENUM_CONVERSION = YES;
				CLANG_WARN_INFINITE_RECURSION = YES;
				CLANG_WARN_INT_CONVERSION = YES;
				CLANG_WARN_NON_LITERAL_NULL_CONVERSION = YES;
				CLANG_WARN_OBJC_LITERAL_CONVERSION = YES;
				CLANG_WARN_OBJC_ROOT_CLASS = YES_ERROR;
				CLANG_WARN_RANGE_LOOP_ANALYSIS = YES;
				CLANG_WARN_STRICT_PROTOTYPES = YES;
				CLANG_WARN_SUSPICIOUS_MOVE = YES;
				CLANG_WARN_UNGUARDED_AVAILABILITY = YES_AGGRESSIVE;
				CLANG_WARN_UNREACHABLE_CODE = YES;
				CLANG_WARN__DUPLICATE_METHOD_MATCH = YES;
				CODE_SIGN_IDENTITY = "iPhone Developer";
				COPY_PHASE_STRIP = NO;
				DEBUG_INFORMATION_FORMAT = "dwarf-with-dsym";
				ENABLE_NS_ASSERTIONS = NO;
				ENABLE_STRICT_OBJC_MSGSEND = YES;
				GCC_C_LANGUAGE_STANDARD = gnu11;
				GCC_NO_COMMON_BLOCKS = YES;
				GCC_WARN_64_TO_32_BIT_CONVERSION = YES;
				GCC_WARN_ABOUT_RETURN_TYPE = YES_ERROR;
				GCC_WARN_UNDECLARED_SELECTOR = YES;
				GCC_WARN_UNINITIALIZED_AUTOS = YES_AGGRESSIVE;
				GCC_WARN_UNUSED_FUNCTION = YES;
				GCC_WARN_UNUSED_VARIABLE = YES;
				IPHONEOS_DEPLOYMENT_TARGET = 11.2;
				MTL_ENABLE_DEBUG_INFO = NO;
				SDKROOT = iphoneos;
				SWIFT_OPTIMIZATION_LEVEL = "-Owholemodule";
				VALIDATE_PRODUCT = YES;
			};
			name = Release;
		};
		F4E9C44421653990009DA197 /* Debug */ = {
			isa = XCBuildConfiguration;
			buildSettings = {
				ASSETCATALOG_COMPILER_APPICON_NAME = AppIcon;
				CODE_SIGN_STYLE = Automatic;
				DEVELOPMENT_TEAM = 8WY239C4VN;
				INFOPLIST_FILE = Political/Info.plist;
				LD_RUNPATH_SEARCH_PATHS = "$(inherited) @executable_path/Frameworks";
				PRODUCT_BUNDLE_IDENTIFIER = BerlarkSoftware.Political;
				PRODUCT_NAME = "$(TARGET_NAME)";
				SWIFT_VERSION = 4.0;
				TARGETED_DEVICE_FAMILY = "1,2";
			};
			name = Debug;
		};
		F4E9C44521653990009DA197 /* Release */ = {
			isa = XCBuildConfiguration;
			buildSettings = {
				ASSETCATALOG_COMPILER_APPICON_NAME = AppIcon;
				CODE_SIGN_STYLE = Automatic;
				DEVELOPMENT_TEAM = 8WY239C4VN;
				INFOPLIST_FILE = Political/Info.plist;
				LD_RUNPATH_SEARCH_PATHS = "$(inherited) @executable_path/Frameworks";
				PRODUCT_BUNDLE_IDENTIFIER = BerlarkSoftware.Political;
				PRODUCT_NAME = "$(TARGET_NAME)";
				SWIFT_VERSION = 4.0;
				TARGETED_DEVICE_FAMILY = "1,2";
			};
			name = Release;
		};
/* End XCBuildConfiguration section */

/* Begin XCConfigurationList section */
		F4E9C42921653990009DA197 /* Build configuration list for PBXProject "Political" */ = {
			isa = XCConfigurationList;
			buildConfigurations = (
				F4E9C44121653990009DA197 /* Debug */,
				F4E9C44221653990009DA197 /* Release */,
			);
			defaultConfigurationIsVisible = 0;
			defaultConfigurationName = Release;
		};
		F4E9C44321653990009DA197 /* Build configuration list for PBXNativeTarget "Political" */ = {
			isa = XCConfigurationList;
			buildConfigurations = (
				F4E9C44421653990009DA197 /* Debug */,
				F4E9C44521653990009DA197 /* Release */,
			);
			defaultConfigurationIsVisible = 0;
			defaultConfigurationName = Release;
		};
/* End XCConfigurationList section */

/* Begin XCVersionGroup section */
		F4E9C43821653990009DA197 /* Political.xcdatamodeld */ = {
			isa = XCVersionGroup;
			children = (
				F4E9C43921653990009DA197 /* Political.xcdatamodel */,
			);
			currentVersion = F4E9C43921653990009DA197 /* Political.xcdatamodel */;
			path = Political.xcdatamodeld;
			sourceTree = "<group>";
			versionGroupType = wrapper.xcdatamodel;
		};
/* End XCVersionGroup section */
	};
	rootObject = F4E9C42621653990009DA197 /* Project object */;
}
